// !$*UTF8*$!
{
	archiveVersion = 1;
	classes = {
	};
	objectVersion = 51;
	objects = {

/* Begin PBXBuildFile section */
		23DFAF0752F80709C62A733A /* Pods_Test_5_5.framework in Frameworks */ = {isa = PBXBuildFile; fileRef = 98B32C3858E9F0F755BCD532 /* Pods_Test_5_5.framework */; };
		86CE6CD9231D03B700954BA9 /* AppDelegate.swift in Sources */ = {isa = PBXBuildFile; fileRef = 86CE6CD8231D03B700954BA9 /* AppDelegate.swift */; };
		86CE6CDB231D03B700954BA9 /* ViewController.swift in Sources */ = {isa = PBXBuildFile; fileRef = 86CE6CDA231D03B700954BA9 /* ViewController.swift */; };
		86CE6CDE231D03B700954BA9 /* Main.storyboard in Resources */ = {isa = PBXBuildFile; fileRef = 86CE6CDC231D03B700954BA9 /* Main.storyboard */; };
		86CE6CE0231D03B900954BA9 /* Assets.xcassets in Resources */ = {isa = PBXBuildFile; fileRef = 86CE6CDF231D03B900954BA9 /* Assets.xcassets */; };
		86CE6CE3231D03B900954BA9 /* LaunchScreen.storyboard in Resources */ = {isa = PBXBuildFile; fileRef = 86CE6CE1231D03B900954BA9 /* LaunchScreen.storyboard */; };
		86CE6CEE231D03BA00954BA9 /* Test_5_5Tests.swift in Sources */ = {isa = PBXBuildFile; fileRef = 86CE6CED231D03BA00954BA9 /* Test_5_5Tests.swift */; };
		86CE6CF9231D03BA00954BA9 /* Test_5_5UITests.swift in Sources */ = {isa = PBXBuildFile; fileRef = 86CE6CF8231D03BA00954BA9 /* Test_5_5UITests.swift */; };
		86CE6D08231D042500954BA9 /* TopViewController.swift in Sources */ = {isa = PBXBuildFile; fileRef = 86CE6D06231D042500954BA9 /* TopViewController.swift */; };
		86CE6D09231D042500954BA9 /* TopViewController.xib in Resources */ = {isa = PBXBuildFile; fileRef = 86CE6D07231D042500954BA9 /* TopViewController.xib */; };
		86CE6D0C231D044700954BA9 /* TopMainView.swift in Sources */ = {isa = PBXBuildFile; fileRef = 86CE6D0A231D044700954BA9 /* TopMainView.swift */; };
		86CE6D0D231D044700954BA9 /* TopMainView.xib in Resources */ = {isa = PBXBuildFile; fileRef = 86CE6D0B231D044700954BA9 /* TopMainView.xib */; };
		86CE6D10231D048700954BA9 /* TopMainTableViewCell.swift in Sources */ = {isa = PBXBuildFile; fileRef = 86CE6D0E231D048700954BA9 /* TopMainTableViewCell.swift */; };
		86CE6D11231D048700954BA9 /* TopMainTableViewCell.xib in Resources */ = {isa = PBXBuildFile; fileRef = 86CE6D0F231D048700954BA9 /* TopMainTableViewCell.xib */; };
		BB449F5E8ADB13B6960FA3EF /* Pods_Test_5_5Tests.framework in Frameworks */ = {isa = PBXBuildFile; fileRef = 9712F06F997F517A0579BA78 /* Pods_Test_5_5Tests.framework */; };
		F0910B15F7B147F5544A7201 /* Pods_Test_5_5UITests.framework in Frameworks */ = {isa = PBXBuildFile; fileRef = 25692F222E767C81E3FE9E44 /* Pods_Test_5_5UITests.framework */; };
/* End PBXBuildFile section */

/* Begin PBXContainerItemProxy section */
		86CE6CEA231D03BA00954BA9 /* PBXContainerItemProxy */ = {
			isa = PBXContainerItemProxy;
			containerPortal = 86CE6CCD231D03B700954BA9 /* Project object */;
			proxyType = 1;
			remoteGlobalIDString = 86CE6CD4231D03B700954BA9;
			remoteInfo = "Test-5-5";
		};
		86CE6CF5231D03BA00954BA9 /* PBXContainerItemProxy */ = {
			isa = PBXContainerItemProxy;
			containerPortal = 86CE6CCD231D03B700954BA9 /* Project object */;
			proxyType = 1;
			remoteGlobalIDString = 86CE6CD4231D03B700954BA9;
			remoteInfo = "Test-5-5";
		};
/* End PBXContainerItemProxy section */

/* Begin PBXFileReference section */
		22B1D15F23C1C247E99991EB /* Pods-Test-5-5.debug.xcconfig */ = {isa = PBXFileReference; includeInIndex = 1; lastKnownFileType = text.xcconfig; name = "Pods-Test-5-5.debug.xcconfig"; path = "Target Support Files/Pods-Test-5-5/Pods-Test-5-5.debug.xcconfig"; sourceTree = "<group>"; };
		25692F222E767C81E3FE9E44 /* Pods_Test_5_5UITests.framework */ = {isa = PBXFileReference; explicitFileType = wrapper.framework; includeInIndex = 0; path = Pods_Test_5_5UITests.framework; sourceTree = BUILT_PRODUCTS_DIR; };
		5DC71C32736C36BAC6CE107A /* Pods-Test-5-5UITests.release.xcconfig */ = {isa = PBXFileReference; includeInIndex = 1; lastKnownFileType = text.xcconfig; name = "Pods-Test-5-5UITests.release.xcconfig"; path = "Target Support Files/Pods-Test-5-5UITests/Pods-Test-5-5UITests.release.xcconfig"; sourceTree = "<group>"; };
		6E6DDA9B4AAB00B471307544 /* Pods-Test-5-5UITests.debug.xcconfig */ = {isa = PBXFileReference; includeInIndex = 1; lastKnownFileType = text.xcconfig; name = "Pods-Test-5-5UITests.debug.xcconfig"; path = "Target Support Files/Pods-Test-5-5UITests/Pods-Test-5-5UITests.debug.xcconfig"; sourceTree = "<group>"; };
		86CE6CD5231D03B700954BA9 /* Test-5-5.app */ = {isa = PBXFileReference; explicitFileType = wrapper.application; includeInIndex = 0; path = "Test-5-5.app"; sourceTree = BUILT_PRODUCTS_DIR; };
		86CE6CD8231D03B700954BA9 /* AppDelegate.swift */ = {isa = PBXFileReference; lastKnownFileType = sourcecode.swift; path = AppDelegate.swift; sourceTree = "<group>"; };
		86CE6CDA231D03B700954BA9 /* ViewController.swift */ = {isa = PBXFileReference; lastKnownFileType = sourcecode.swift; path = ViewController.swift; sourceTree = "<group>"; };
		86CE6CDD231D03B700954BA9 /* Base */ = {isa = PBXFileReference; lastKnownFileType = file.storyboard; name = Base; path = Base.lproj/Main.storyboard; sourceTree = "<group>"; };
		86CE6CDF231D03B900954BA9 /* Assets.xcassets */ = {isa = PBXFileReference; lastKnownFileType = folder.assetcatalog; path = Assets.xcassets; sourceTree = "<group>"; };
		86CE6CE2231D03B900954BA9 /* Base */ = {isa = PBXFileReference; lastKnownFileType = file.storyboard; name = Base; path = Base.lproj/LaunchScreen.storyboard; sourceTree = "<group>"; };
		86CE6CE4231D03B900954BA9 /* Info.plist */ = {isa = PBXFileReference; lastKnownFileType = text.plist.xml; path = Info.plist; sourceTree = "<group>"; };
		86CE6CE9231D03BA00954BA9 /* Test-5-5Tests.xctest */ = {isa = PBXFileReference; explicitFileType = wrapper.cfbundle; includeInIndex = 0; path = "Test-5-5Tests.xctest"; sourceTree = BUILT_PRODUCTS_DIR; };
		86CE6CED231D03BA00954BA9 /* Test_5_5Tests.swift */ = {isa = PBXFileReference; lastKnownFileType = sourcecode.swift; path = Test_5_5Tests.swift; sourceTree = "<group>"; };
		86CE6CEF231D03BA00954BA9 /* Info.plist */ = {isa = PBXFileReference; lastKnownFileType = text.plist.xml; path = Info.plist; sourceTree = "<group>"; };
		86CE6CF4231D03BA00954BA9 /* Test-5-5UITests.xctest */ = {isa = PBXFileReference; explicitFileType = wrapper.cfbundle; includeInIndex = 0; path = "Test-5-5UITests.xctest"; sourceTree = BUILT_PRODUCTS_DIR; };
		86CE6CF8231D03BA00954BA9 /* Test_5_5UITests.swift */ = {isa = PBXFileReference; lastKnownFileType = sourcecode.swift; path = Test_5_5UITests.swift; sourceTree = "<group>"; };
		86CE6CFA231D03BA00954BA9 /* Info.plist */ = {isa = PBXFileReference; lastKnownFileType = text.plist.xml; path = Info.plist; sourceTree = "<group>"; };
		86CE6D06231D042500954BA9 /* TopViewController.swift */ = {isa = PBXFileReference; lastKnownFileType = sourcecode.swift; path = TopViewController.swift; sourceTree = "<group>"; };
		86CE6D07231D042500954BA9 /* TopViewController.xib */ = {isa = PBXFileReference; lastKnownFileType = file.xib; path = TopViewController.xib; sourceTree = "<group>"; };
		86CE6D0A231D044700954BA9 /* TopMainView.swift */ = {isa = PBXFileReference; lastKnownFileType = sourcecode.swift; path = TopMainView.swift; sourceTree = "<group>"; };
		86CE6D0B231D044700954BA9 /* TopMainView.xib */ = {isa = PBXFileReference; lastKnownFileType = file.xib; path = TopMainView.xib; sourceTree = "<group>"; };
		86CE6D0E231D048700954BA9 /* TopMainTableViewCell.swift */ = {isa = PBXFileReference; lastKnownFileType = sourcecode.swift; path = TopMainTableViewCell.swift; sourceTree = "<group>"; };
		86CE6D0F231D048700954BA9 /* TopMainTableViewCell.xib */ = {isa = PBXFileReference; lastKnownFileType = file.xib; path = TopMainTableViewCell.xib; sourceTree = "<group>"; };
		9712F06F997F517A0579BA78 /* Pods_Test_5_5Tests.framework */ = {isa = PBXFileReference; explicitFileType = wrapper.framework; includeInIndex = 0; path = Pods_Test_5_5Tests.framework; sourceTree = BUILT_PRODUCTS_DIR; };
		98B32C3858E9F0F755BCD532 /* Pods_Test_5_5.framework */ = {isa = PBXFileReference; explicitFileType = wrapper.framework; includeInIndex = 0; path = Pods_Test_5_5.framework; sourceTree = BUILT_PRODUCTS_DIR; };
		A2851C270AECCCA0A05C5A72 /* Pods-Test-5-5Tests.debug.xcconfig */ = {isa = PBXFileReference; includeInIndex = 1; lastKnownFileType = text.xcconfig; name = "Pods-Test-5-5Tests.debug.xcconfig"; path = "Target Support Files/Pods-Test-5-5Tests/Pods-Test-5-5Tests.debug.xcconfig"; sourceTree = "<group>"; };
		A804D997BB4AF62E849AE133 /* Pods-Test-5-5.release.xcconfig */ = {isa = PBXFileReference; includeInIndex = 1; lastKnownFileType = text.xcconfig; name = "Pods-Test-5-5.release.xcconfig"; path = "Target Support Files/Pods-Test-5-5/Pods-Test-5-5.release.xcconfig"; sourceTree = "<group>"; };
		AE8F9D2715368E75B14233B1 /* Pods-Test-5-5Tests.release.xcconfig */ = {isa = PBXFileReference; includeInIndex = 1; lastKnownFileType = text.xcconfig; name = "Pods-Test-5-5Tests.release.xcconfig"; path = "Target Support Files/Pods-Test-5-5Tests/Pods-Test-5-5Tests.release.xcconfig"; sourceTree = "<group>"; };
/* End PBXFileReference section */

/* Begin PBXFrameworksBuildPhase section */
		86CE6CD2231D03B700954BA9 /* Frameworks */ = {
			isa = PBXFrameworksBuildPhase;
			buildActionMask = 2147483647;
			files = (
				23DFAF0752F80709C62A733A /* Pods_Test_5_5.framework in Frameworks */,
			);
			runOnlyForDeploymentPostprocessing = 0;
		};
		86CE6CE6231D03BA00954BA9 /* Frameworks */ = {
			isa = PBXFrameworksBuildPhase;
			buildActionMask = 2147483647;
			files = (
				BB449F5E8ADB13B6960FA3EF /* Pods_Test_5_5Tests.framework in Frameworks */,
			);
			runOnlyForDeploymentPostprocessing = 0;
		};
		86CE6CF1231D03BA00954BA9 /* Frameworks */ = {
			isa = PBXFrameworksBuildPhase;
			buildActionMask = 2147483647;
			files = (
				F0910B15F7B147F5544A7201 /* Pods_Test_5_5UITests.framework in Frameworks */,
			);
			runOnlyForDeploymentPostprocessing = 0;
		};
/* End PBXFrameworksBuildPhase section */

/* Begin PBXGroup section */
		1593BB8FA5AED4A9B5A7DC86 /* Frameworks */ = {
			isa = PBXGroup;
			children = (
				98B32C3858E9F0F755BCD532 /* Pods_Test_5_5.framework */,
				9712F06F997F517A0579BA78 /* Pods_Test_5_5Tests.framework */,
				25692F222E767C81E3FE9E44 /* Pods_Test_5_5UITests.framework */,
			);
			name = Frameworks;
			sourceTree = "<group>";
		};
		5CC2FCA6131F41409BB40D07 /* Pods */ = {
			isa = PBXGroup;
			children = (
				22B1D15F23C1C247E99991EB /* Pods-Test-5-5.debug.xcconfig */,
				A804D997BB4AF62E849AE133 /* Pods-Test-5-5.release.xcconfig */,
				A2851C270AECCCA0A05C5A72 /* Pods-Test-5-5Tests.debug.xcconfig */,
				AE8F9D2715368E75B14233B1 /* Pods-Test-5-5Tests.release.xcconfig */,
				6E6DDA9B4AAB00B471307544 /* Pods-Test-5-5UITests.debug.xcconfig */,
				5DC71C32736C36BAC6CE107A /* Pods-Test-5-5UITests.release.xcconfig */,
			);
			path = Pods;
			sourceTree = "<group>";
		};
		86CE6CCC231D03B700954BA9 = {
			isa = PBXGroup;
			children = (
				86CE6CD7231D03B700954BA9 /* Test-5-5 */,
				86CE6CEC231D03BA00954BA9 /* Test-5-5Tests */,
				86CE6CF7231D03BA00954BA9 /* Test-5-5UITests */,
				86CE6CD6231D03B700954BA9 /* Products */,
				5CC2FCA6131F41409BB40D07 /* Pods */,
				1593BB8FA5AED4A9B5A7DC86 /* Frameworks */,
			);
			sourceTree = "<group>";
		};
		86CE6CD6231D03B700954BA9 /* Products */ = {
			isa = PBXGroup;
			children = (
				86CE6CD5231D03B700954BA9 /* Test-5-5.app */,
				86CE6CE9231D03BA00954BA9 /* Test-5-5Tests.xctest */,
				86CE6CF4231D03BA00954BA9 /* Test-5-5UITests.xctest */,
			);
			name = Products;
			sourceTree = "<group>";
		};
		86CE6CD7231D03B700954BA9 /* Test-5-5 */ = {
			isa = PBXGroup;
			children = (
				86CE6CD8231D03B700954BA9 /* AppDelegate.swift */,
				86CE6CDA231D03B700954BA9 /* ViewController.swift */,
				86CE6CDC231D03B700954BA9 /* Main.storyboard */,
				86CE6CDF231D03B900954BA9 /* Assets.xcassets */,
				86CE6CE1231D03B900954BA9 /* LaunchScreen.storyboard */,
				86CE6CE4231D03B900954BA9 /* Info.plist */,
				86CE6D06231D042500954BA9 /* TopViewController.swift */,
				86CE6D07231D042500954BA9 /* TopViewController.xib */,
				86CE6D0A231D044700954BA9 /* TopMainView.swift */,
				86CE6D0B231D044700954BA9 /* TopMainView.xib */,
				86CE6D0E231D048700954BA9 /* TopMainTableViewCell.swift */,
				86CE6D0F231D048700954BA9 /* TopMainTableViewCell.xib */,
			);
			path = "Test-5-5";
			sourceTree = "<group>";
		};
		86CE6CEC231D03BA00954BA9 /* Test-5-5Tests */ = {
			isa = PBXGroup;
			children = (
				86CE6CED231D03BA00954BA9 /* Test_5_5Tests.swift */,
				86CE6CEF231D03BA00954BA9 /* Info.plist */,
			);
			path = "Test-5-5Tests";
			sourceTree = "<group>";
		};
		86CE6CF7231D03BA00954BA9 /* Test-5-5UITests */ = {
			isa = PBXGroup;
			children = (
				86CE6CF8231D03BA00954BA9 /* Test_5_5UITests.swift */,
				86CE6CFA231D03BA00954BA9 /* Info.plist */,
			);
			path = "Test-5-5UITests";
			sourceTree = "<group>";
		};
/* End PBXGroup section */

/* Begin PBXNativeTarget section */
		86CE6CD4231D03B700954BA9 /* Test-5-5 */ = {
			isa = PBXNativeTarget;
			buildConfigurationList = 86CE6CFD231D03BA00954BA9 /* Build configuration list for PBXNativeTarget "Test-5-5" */;
			buildPhases = (
				5ABFEFFD87F53046F5CDAC9C /* [CP] Check Pods Manifest.lock */,
				86CE6CD1231D03B700954BA9 /* Sources */,
				86CE6CD2231D03B700954BA9 /* Frameworks */,
				86CE6CD3231D03B700954BA9 /* Resources */,
				42CA49F0BFAB369CA5DE2F2B /* [CP] Embed Pods Frameworks */,
			);
			buildRules = (
			);
			dependencies = (
			);
			name = "Test-5-5";
			productName = "Test-5-5";
			productReference = 86CE6CD5231D03B700954BA9 /* Test-5-5.app */;
			productType = "com.apple.product-type.application";
		};
		86CE6CE8231D03BA00954BA9 /* Test-5-5Tests */ = {
			isa = PBXNativeTarget;
			buildConfigurationList = 86CE6D00231D03BA00954BA9 /* Build configuration list for PBXNativeTarget "Test-5-5Tests" */;
			buildPhases = (
				DDE6CF2AEC5B63DA7F513DEA /* [CP] Check Pods Manifest.lock */,
				86CE6CE5231D03BA00954BA9 /* Sources */,
				86CE6CE6231D03BA00954BA9 /* Frameworks */,
				86CE6CE7231D03BA00954BA9 /* Resources */,
			);
			buildRules = (
			);
			dependencies = (
				86CE6CEB231D03BA00954BA9 /* PBXTargetDependency */,
			);
			name = "Test-5-5Tests";
			productName = "Test-5-5Tests";
			productReference = 86CE6CE9231D03BA00954BA9 /* Test-5-5Tests.xctest */;
			productType = "com.apple.product-type.bundle.unit-test";
		};
		86CE6CF3231D03BA00954BA9 /* Test-5-5UITests */ = {
			isa = PBXNativeTarget;
			buildConfigurationList = 86CE6D03231D03BA00954BA9 /* Build configuration list for PBXNativeTarget "Test-5-5UITests" */;
			buildPhases = (
				44F844A3501BFF217D2AAB72 /* [CP] Check Pods Manifest.lock */,
				86CE6CF0231D03BA00954BA9 /* Sources */,
				86CE6CF1231D03BA00954BA9 /* Frameworks */,
				86CE6CF2231D03BA00954BA9 /* Resources */,
			);
			buildRules = (
			);
			dependencies = (
				86CE6CF6231D03BA00954BA9 /* PBXTargetDependency */,
			);
			name = "Test-5-5UITests";
			productName = "Test-5-5UITests";
			productReference = 86CE6CF4231D03BA00954BA9 /* Test-5-5UITests.xctest */;
			productType = "com.apple.product-type.bundle.ui-testing";
		};
/* End PBXNativeTarget section */

/* Begin PBXProject section */
		86CE6CCD231D03B700954BA9 /* Project object */ = {
			isa = PBXProject;
			attributes = {
				LastSwiftUpdateCheck = 1030;
				LastUpgradeCheck = 1030;
				ORGANIZATIONNAME = "多可楽";
				TargetAttributes = {
					86CE6CD4231D03B700954BA9 = {
						CreatedOnToolsVersion = 10.3;
					};
					86CE6CE8231D03BA00954BA9 = {
						CreatedOnToolsVersion = 10.3;
						TestTargetID = 86CE6CD4231D03B700954BA9;
					};
					86CE6CF3231D03BA00954BA9 = {
						CreatedOnToolsVersion = 10.3;
						TestTargetID = 86CE6CD4231D03B700954BA9;
					};
				};
			};
			buildConfigurationList = 86CE6CD0231D03B700954BA9 /* Build configuration list for PBXProject "Test-5-5" */;
			compatibilityVersion = "Xcode 9.3";
			developmentRegion = en;
			hasScannedForEncodings = 0;
			knownRegions = (
				en,
				Base,
			);
			mainGroup = 86CE6CCC231D03B700954BA9;
			productRefGroup = 86CE6CD6231D03B700954BA9 /* Products */;
			projectDirPath = "";
			projectRoot = "";
			targets = (
				86CE6CD4231D03B700954BA9 /* Test-5-5 */,
				86CE6CE8231D03BA00954BA9 /* Test-5-5Tests */,
				86CE6CF3231D03BA00954BA9 /* Test-5-5UITests */,
			);
		};
/* End PBXProject section */

/* Begin PBXResourcesBuildPhase section */
		86CE6CD3231D03B700954BA9 /* Resources */ = {
			isa = PBXResourcesBuildPhase;
			buildActionMask = 2147483647;
			files = (
				86CE6D0D231D044700954BA9 /* TopMainView.xib in Resources */,
				86CE6D09231D042500954BA9 /* TopViewController.xib in Resources */,
				86CE6CE3231D03B900954BA9 /* LaunchScreen.storyboard in Resources */,
				86CE6CE0231D03B900954BA9 /* Assets.xcassets in Resources */,
				86CE6D11231D048700954BA9 /* TopMainTableViewCell.xib in Resources */,
				86CE6CDE231D03B700954BA9 /* Main.storyboard in Resources */,
			);
			runOnlyForDeploymentPostprocessing = 0;
		};
		86CE6CE7231D03BA00954BA9 /* Resources */ = {
			isa = PBXResourcesBuildPhase;
			buildActionMask = 2147483647;
			files = (
			);
			runOnlyForDeploymentPostprocessing = 0;
		};
		86CE6CF2231D03BA00954BA9 /* Resources */ = {
			isa = PBXResourcesBuildPhase;
			buildActionMask = 2147483647;
			files = (
			);
			runOnlyForDeploymentPostprocessing = 0;
		};
/* End PBXResourcesBuildPhase section */

/* Begin PBXShellScriptBuildPhase section */
		42CA49F0BFAB369CA5DE2F2B /* [CP] Embed Pods Frameworks */ = {
			isa = PBXShellScriptBuildPhase;
			buildActionMask = 2147483647;
			files = (
			);
			inputFileListPaths = (
				"${PODS_ROOT}/Target Support Files/Pods-Test-5-5/Pods-Test-5-5-frameworks-${CONFIGURATION}-input-files.xcfilelist",
			);
			name = "[CP] Embed Pods Frameworks";
			outputFileListPaths = (
				"${PODS_ROOT}/Target Support Files/Pods-Test-5-5/Pods-Test-5-5-frameworks-${CONFIGURATION}-output-files.xcfilelist",
			);
			runOnlyForDeploymentPostprocessing = 0;
			shellPath = /bin/sh;
			shellScript = "\"${PODS_ROOT}/Target Support Files/Pods-Test-5-5/Pods-Test-5-5-frameworks.sh\"\n";
			showEnvVarsInLog = 0;
		};
		44F844A3501BFF217D2AAB72 /* [CP] Check Pods Manifest.lock */ = {
			isa = PBXShellScriptBuildPhase;
			buildActionMask = 2147483647;
			files = (
			);
			inputFileListPaths = (
			);
			inputPaths = (
				"${PODS_PODFILE_DIR_PATH}/Podfile.lock",
				"${PODS_ROOT}/Manifest.lock",
			);
			name = "[CP] Check Pods Manifest.lock";
			outputFileListPaths = (
			);
			outputPaths = (
				"$(DERIVED_FILE_DIR)/Pods-Test-5-5UITests-checkManifestLockResult.txt",
			);
			runOnlyForDeploymentPostprocessing = 0;
			shellPath = /bin/sh;
			shellScript = "diff \"${PODS_PODFILE_DIR_PATH}/Podfile.lock\" \"${PODS_ROOT}/Manifest.lock\" > /dev/null\nif [ $? != 0 ] ; then\n    # print error to STDERR\n    echo \"error: The sandbox is not in sync with the Podfile.lock. Run 'pod install' or update your CocoaPods installation.\" >&2\n    exit 1\nfi\n# This output is used by Xcode 'outputs' to avoid re-running this script phase.\necho \"SUCCESS\" > \"${SCRIPT_OUTPUT_FILE_0}\"\n";
			showEnvVarsInLog = 0;
		};
		5ABFEFFD87F53046F5CDAC9C /* [CP] Check Pods Manifest.lock */ = {
			isa = PBXShellScriptBuildPhase;
			buildActionMask = 2147483647;
			files = (
			);
			inputFileListPaths = (
			);
			inputPaths = (
				"${PODS_PODFILE_DIR_PATH}/Podfile.lock",
				"${PODS_ROOT}/Manifest.lock",
			);
			name = "[CP] Check Pods Manifest.lock";
			outputFileListPaths = (
			);
			outputPaths = (
				"$(DERIVED_FILE_DIR)/Pods-Test-5-5-checkManifestLockResult.txt",
			);
			runOnlyForDeploymentPostprocessing = 0;
			shellPath = /bin/sh;
			shellScript = "diff \"${PODS_PODFILE_DIR_PATH}/Podfile.lock\" \"${PODS_ROOT}/Manifest.lock\" > /dev/null\nif [ $? != 0 ] ; then\n    # print error to STDERR\n    echo \"error: The sandbox is not in sync with the Podfile.lock. Run 'pod install' or update your CocoaPods installation.\" >&2\n    exit 1\nfi\n# This output is used by Xcode 'outputs' to avoid re-running this script phase.\necho \"SUCCESS\" > \"${SCRIPT_OUTPUT_FILE_0}\"\n";
			showEnvVarsInLog = 0;
		};
		DDE6CF2AEC5B63DA7F513DEA /* [CP] Check Pods Manifest.lock */ = {
			isa = PBXShellScriptBuildPhase;
			buildActionMask = 2147483647;
			files = (
			);
			inputFileListPaths = (
			);
			inputPaths = (
				"${PODS_PODFILE_DIR_PATH}/Podfile.lock",
				"${PODS_ROOT}/Manifest.lock",
			);
			name = "[CP] Check Pods Manifest.lock";
			outputFileListPaths = (
			);
			outputPaths = (
				"$(DERIVED_FILE_DIR)/Pods-Test-5-5Tests-checkManifestLockResult.txt",
			);
			runOnlyForDeploymentPostprocessing = 0;
			shellPath = /bin/sh;
			shellScript = "diff \"${PODS_PODFILE_DIR_PATH}/Podfile.lock\" \"${PODS_ROOT}/Manifest.lock\" > /dev/null\nif [ $? != 0 ] ; then\n    # print error to STDERR\n    echo \"error: The sandbox is not in sync with the Podfile.lock. Run 'pod install' or update your CocoaPods installation.\" >&2\n    exit 1\nfi\n# This output is used by Xcode 'outputs' to avoid re-running this script phase.\necho \"SUCCESS\" > \"${SCRIPT_OUTPUT_FILE_0}\"\n";
			showEnvVarsInLog = 0;
		};
/* End PBXShellScriptBuildPhase section */

/* Begin PBXSourcesBuildPhase section */
		86CE6CD1231D03B700954BA9 /* Sources */ = {
			isa = PBXSourcesBuildPhase;
			buildActionMask = 2147483647;
			files = (
				86CE6D10231D048700954BA9 /* TopMainTableViewCell.swift in Sources */,
				86CE6D08231D042500954BA9 /* TopViewController.swift in Sources */,
				86CE6CDB231D03B700954BA9 /* ViewController.swift in Sources */,
				86CE6CD9231D03B700954BA9 /* AppDelegate.swift in Sources */,
				86CE6D0C231D044700954BA9 /* TopMainView.swift in Sources */,
			);
			runOnlyForDeploymentPostprocessing = 0;
		};
		86CE6CE5231D03BA00954BA9 /* Sources */ = {
			isa = PBXSourcesBuildPhase;
			buildActionMask = 2147483647;
			files = (
				86CE6CEE231D03BA00954BA9 /* Test_5_5Tests.swift in Sources */,
			);
			runOnlyForDeploymentPostprocessing = 0;
		};
		86CE6CF0231D03BA00954BA9 /* Sources */ = {
			isa = PBXSourcesBuildPhase;
			buildActionMask = 2147483647;
			files = (
				86CE6CF9231D03BA00954BA9 /* Test_5_5UITests.swift in Sources */,
			);
			runOnlyForDeploymentPostprocessing = 0;
		};
/* End PBXSourcesBuildPhase section */

/* Begin PBXTargetDependency section */
		86CE6CEB231D03BA00954BA9 /* PBXTargetDependency */ = {
			isa = PBXTargetDependency;
			target = 86CE6CD4231D03B700954BA9 /* Test-5-5 */;
			targetProxy = 86CE6CEA231D03BA00954BA9 /* PBXContainerItemProxy */;
		};
		86CE6CF6231D03BA00954BA9 /* PBXTargetDependency */ = {
			isa = PBXTargetDependency;
			target = 86CE6CD4231D03B700954BA9 /* Test-5-5 */;
			targetProxy = 86CE6CF5231D03BA00954BA9 /* PBXContainerItemProxy */;
		};
/* End PBXTargetDependency section */

/* Begin PBXVariantGroup section */
		86CE6CDC231D03B700954BA9 /* Main.storyboard */ = {
			isa = PBXVariantGroup;
			children = (
				86CE6CDD231D03B700954BA9 /* Base */,
			);
			name = Main.storyboard;
			sourceTree = "<group>";
		};
		86CE6CE1231D03B900954BA9 /* LaunchScreen.storyboard */ = {
			isa = PBXVariantGroup;
			children = (
				86CE6CE2231D03B900954BA9 /* Base */,
			);
			name = LaunchScreen.storyboard;
			sourceTree = "<group>";
		};
/* End PBXVariantGroup section */

/* Begin XCBuildConfiguration section */
		86CE6CFB231D03BA00954BA9 /* Debug */ = {
			isa = XCBuildConfiguration;
			buildSettings = {
				ALWAYS_SEARCH_USER_PATHS = NO;
				CLANG_ANALYZER_NONNULL = YES;
				CLANG_ANALYZER_NUMBER_OBJECT_CONVERSION = YES_AGGRESSIVE;
				CLANG_CXX_LANGUAGE_STANDARD = "gnu++14";
				CLANG_CXX_LIBRARY = "libc++";
				CLANG_ENABLE_MODULES = YES;
				CLANG_ENABLE_OBJC_ARC = YES;
				CLANG_ENABLE_OBJC_WEAK = YES;
				CLANG_WARN_BLOCK_CAPTURE_AUTORELEASING = YES;
				CLANG_WARN_BOOL_CONVERSION = YES;
				CLANG_WARN_COMMA = YES;
				CLANG_WARN_CONSTANT_CONVERSION = YES;
				CLANG_WARN_DEPRECATED_OBJC_IMPLEMENTATIONS = YES;
				CLANG_WARN_DIRECT_OBJC_ISA_USAGE = YES_ERROR;
				CLANG_WARN_DOCUMENTATION_COMMENTS = YES;
				CLANG_WARN_EMPTY_BODY = YES;
				CLANG_WARN_ENUM_CONVERSION = YES;
				CLANG_WARN_INFINITE_RECURSION = YES;
				CLANG_WARN_INT_CONVERSION = YES;
				CLANG_WARN_NON_LITERAL_NULL_CONVERSION = YES;
				CLANG_WARN_OBJC_IMPLICIT_RETAIN_SELF = YES;
				CLANG_WARN_OBJC_LITERAL_CONVERSION = YES;
				CLANG_WARN_OBJC_ROOT_CLASS = YES_ERROR;
				CLANG_WARN_RANGE_LOOP_ANALYSIS = YES;
				CLANG_WARN_STRICT_PROTOTYPES = YES;
				CLANG_WARN_SUSPICIOUS_MOVE = YES;
				CLANG_WARN_UNGUARDED_AVAILABILITY = YES_AGGRESSIVE;
				CLANG_WARN_UNREACHABLE_CODE = YES;
				CLANG_WARN__DUPLICATE_METHOD_MATCH = YES;
				CODE_SIGN_IDENTITY = "iPhone Developer";
				COPY_PHASE_STRIP = NO;
				DEBUG_INFORMATION_FORMAT = dwarf;
				ENABLE_STRICT_OBJC_MSGSEND = YES;
				ENABLE_TESTABILITY = YES;
				GCC_C_LANGUAGE_STANDARD = gnu11;
				GCC_DYNAMIC_NO_PIC = NO;
				GCC_NO_COMMON_BLOCKS = YES;
				GCC_OPTIMIZATION_LEVEL = 0;
				GCC_PREPROCESSOR_DEFINITIONS = (
					"DEBUG=1",
					"$(inherited)",
				);
				GCC_WARN_64_TO_32_BIT_CONVERSION = YES;
				GCC_WARN_ABOUT_RETURN_TYPE = YES_ERROR;
				GCC_WARN_UNDECLARED_SELECTOR = YES;
				GCC_WARN_UNINITIALIZED_AUTOS = YES_AGGRESSIVE;
				GCC_WARN_UNUSED_FUNCTION = YES;
				GCC_WARN_UNUSED_VARIABLE = YES;
				IPHONEOS_DEPLOYMENT_TARGET = 12.4;
				MTL_ENABLE_DEBUG_INFO = INCLUDE_SOURCE;
				MTL_FAST_MATH = YES;
				ONLY_ACTIVE_ARCH = YES;
				SDKROOT = iphoneos;
				SWIFT_ACTIVE_COMPILATION_CONDITIONS = DEBUG;
				SWIFT_OPTIMIZATION_LEVEL = "-Onone";
			};
			name = Debug;
		};
		86CE6CFC231D03BA00954BA9 /* Release */ = {
			isa = XCBuildConfiguration;
			buildSettings = {
				ALWAYS_SEARCH_USER_PATHS = NO;
				CLANG_ANALYZER_NONNULL = YES;
				CLANG_ANALYZER_NUMBER_OBJECT_CONVERSION = YES_AGGRESSIVE;
				CLANG_CXX_LANGUAGE_STANDARD = "gnu++14";
				CLANG_CXX_LIBRARY = "libc++";
				CLANG_ENABLE_MODULES = YES;
				CLANG_ENABLE_OBJC_ARC = YES;
				CLANG_ENABLE_OBJC_WEAK = YES;
				CLANG_WARN_BLOCK_CAPTURE_AUTORELEASING = YES;
				CLANG_WARN_BOOL_CONVERSION = YES;
				CLANG_WARN_COMMA = YES;
				CLANG_WARN_CONSTANT_CONVERSION = YES;
				CLANG_WARN_DEPRECATED_OBJC_IMPLEMENTATIONS = YES;
				CLANG_WARN_DIRECT_OBJC_ISA_USAGE = YES_ERROR;
				CLANG_WARN_DOCUMENTATION_COMMENTS = YES;
				CLANG_WARN_EMPTY_BODY = YES;
				CLANG_WARN_ENUM_CONVERSION = YES;
				CLANG_WARN_INFINITE_RECURSION = YES;
				CLANG_WARN_INT_CONVERSION = YES;
				CLANG_WARN_NON_LITERAL_NULL_CONVERSION = YES;
				CLANG_WARN_OBJC_IMPLICIT_RETAIN_SELF = YES;
				CLANG_WARN_OBJC_LITERAL_CONVERSION = YES;
				CLANG_WARN_OBJC_ROOT_CLASS = YES_ERROR;
				CLANG_WARN_RANGE_LOOP_ANALYSIS = YES;
				CLANG_WARN_STRICT_PROTOTYPES = YES;
				CLANG_WARN_SUSPICIOUS_MOVE = YES;
				CLANG_WARN_UNGUARDED_AVAILABILITY = YES_AGGRESSIVE;
				CLANG_WARN_UNREACHABLE_CODE = YES;
				CLANG_WARN__DUPLICATE_METHOD_MATCH = YES;
				CODE_SIGN_IDENTITY = "iPhone Developer";
				COPY_PHASE_STRIP = NO;
				DEBUG_INFORMATION_FORMAT = "dwarf-with-dsym";
				ENABLE_NS_ASSERTIONS = NO;
				ENABLE_STRICT_OBJC_MSGSEND = YES;
				GCC_C_LANGUAGE_STANDARD = gnu11;
				GCC_NO_COMMON_BLOCKS = YES;
				GCC_WARN_64_TO_32_BIT_CONVERSION = YES;
				GCC_WARN_ABOUT_RETURN_TYPE = YES_ERROR;
				GCC_WARN_UNDECLARED_SELECTOR = YES;
				GCC_WARN_UNINITIALIZED_AUTOS = YES_AGGRESSIVE;
				GCC_WARN_UNUSED_FUNCTION = YES;
				GCC_WARN_UNUSED_VARIABLE = YES;
				IPHONEOS_DEPLOYMENT_TARGET = 12.4;
				MTL_ENABLE_DEBUG_INFO = NO;
				MTL_FAST_MATH = YES;
				SDKROOT = iphoneos;
				SWIFT_COMPILATION_MODE = wholemodule;
				SWIFT_OPTIMIZATION_LEVEL = "-O";
				VALIDATE_PRODUCT = YES;
			};
			name = Release;
		};
		86CE6CFE231D03BA00954BA9 /* Debug */ = {
			isa = XCBuildConfiguration;
			baseConfigurationReference = 22B1D15F23C1C247E99991EB /* Pods-Test-5-5.debug.xcconfig */;
			buildSettings = {
				ASSETCATALOG_COMPILER_APPICON_NAME = AppIcon;
				CODE_SIGN_STYLE = Automatic;
				INFOPLIST_FILE = "Test-5-5/Info.plist";
				LD_RUNPATH_SEARCH_PATHS = (
					"$(inherited)",
					"@executable_path/Frameworks",
				);
				PRODUCT_BUNDLE_IDENTIFIER = "aaaa.Test-5-5";
				PRODUCT_NAME = "$(TARGET_NAME)";
				SWIFT_VERSION = 5.0;
				TARGETED_DEVICE_FAMILY = "1,2";
			};
			name = Debug;
		};
		86CE6CFF231D03BA00954BA9 /* Release */ = {
			isa = XCBuildConfiguration;
			baseConfigurationReference = A804D997BB4AF62E849AE133 /* Pods-Test-5-5.release.xcconfig */;
			buildSettings = {
				ASSETCATALOG_COMPILER_APPICON_NAME = AppIcon;
				CODE_SIGN_STYLE = Automatic;
				INFOPLIST_FILE = "Test-5-5/Info.plist";
				LD_RUNPATH_SEARCH_PATHS = (
					"$(inherited)",
					"@executable_path/Frameworks",
				);
				PRODUCT_BUNDLE_IDENTIFIER = "aaaa.Test-5-5";
				PRODUCT_NAME = "$(TARGET_NAME)";
				SWIFT_VERSION = 5.0;
				TARGETED_DEVICE_FAMILY = "1,2";
			};
			name = Release;
		};
		86CE6D01231D03BA00954BA9 /* Debug */ = {
			isa = XCBuildConfiguration;
			baseConfigurationReference = A2851C270AECCCA0A05C5A72 /* Pods-Test-5-5Tests.debug.xcconfig */;
			buildSettings = {
				ALWAYS_EMBED_SWIFT_STANDARD_LIBRARIES = YES;
				BUNDLE_LOADER = "$(TEST_HOST)";
				CODE_SIGN_STYLE = Automatic;
				INFOPLIST_FILE = "Test-5-5Tests/Info.plist";
				LD_RUNPATH_SEARCH_PATHS = (
					"$(inherited)",
					"@executable_path/Frameworks",
					"@loader_path/Frameworks",
				);
				PRODUCT_BUNDLE_IDENTIFIER = "aaaa.Test-5-5Tests";
				PRODUCT_NAME = "$(TARGET_NAME)";
				SWIFT_VERSION = 5.0;
				TARGETED_DEVICE_FAMILY = "1,2";
				TEST_HOST = "$(BUILT_PRODUCTS_DIR)/Test-5-5.app/Test-5-5";
			};
			name = Debug;
		};
		86CE6D02231D03BA00954BA9 /* Release */ = {
			isa = XCBuildConfiguration;
			baseConfigurationReference = AE8F9D2715368E75B14233B1 /* Pods-Test-5-5Tests.release.xcconfig */;
			buildSettings = {
				ALWAYS_EMBED_SWIFT_STANDARD_LIBRARIES = YES;
				BUNDLE_LOADER = "$(TEST_HOST)";
				CODE_SIGN_STYLE = Automatic;
				INFOPLIST_FILE = "Test-5-5Tests/Info.plist";
				LD_RUNPATH_SEARCH_PATHS = (
					"$(inherited)",
					"@executable_path/Frameworks",
					"@loader_path/Frameworks",
				);
				PRODUCT_BUNDLE_IDENTIFIER = "aaaa.Test-5-5Tests";
				PRODUCT_NAME = "$(TARGET_NAME)";
				SWIFT_VERSION = 5.0;
				TARGETED_DEVICE_FAMILY = "1,2";
				TEST_HOST = "$(BUILT_PRODUCTS_DIR)/Test-5-5.app/Test-5-5";
			};
			name = Release;
		};
		86CE6D04231D03BA00954BA9 /* Debug */ = {
			isa = XCBuildConfiguration;
			baseConfigurationReference = 6E6DDA9B4AAB00B471307544 /* Pods-Test-5-5UITests.debug.xcconfig */;
			buildSettings = {
				ALWAYS_EMBED_SWIFT_STANDARD_LIBRARIES = YES;
				CODE_SIGN_STYLE = Automatic;
				INFOPLIST_FILE = "Test-5-5UITests/Info.plist";
				LD_RUNPATH_SEARCH_PATHS = (
					"$(inherited)",
					"@executable_path/Frameworks",
					"@loader_path/Frameworks",
				);
				PRODUCT_BUNDLE_IDENTIFIER = "aaaa.Test-5-5UITests";
				PRODUCT_NAME = "$(TARGET_NAME)";
				SWIFT_VERSION = 5.0;
				TARGETED_DEVICE_FAMILY = "1,2";
				TEST_TARGET_NAME = "Test-5-5";
			};
			name = Debug;
		};
		86CE6D05231D03BA00954BA9 /* Release */ = {
			isa = XCBuildConfiguration;
			baseConfigurationReference = 5DC71C32736C36BAC6CE107A /* Pods-Test-5-5UITests.release.xcconfig */;
			buildSettings = {
				ALWAYS_EMBED_SWIFT_STANDARD_LIBRARIES = YES;
				CODE_SIGN_STYLE = Automatic;
				INFOPLIST_FILE = "Test-5-5UITests/Info.plist";
				LD_RUNPATH_SEARCH_PATHS = (
					"$(inherited)",
					"@executable_path/Frameworks",
					"@loader_path/Frameworks",
				);
				PRODUCT_BUNDLE_IDENTIFIER = "aaaa.Test-5-5UITests";
				PRODUCT_NAME = "$(TARGET_NAME)";
				SWIFT_VERSION = 5.0;
				TARGETED_DEVICE_FAMILY = "1,2";
				TEST_TARGET_NAME = "Test-5-5";
			};
			name = Release;
		};
/* End XCBuildConfiguration section */

/* Begin XCConfigurationList section */
		86CE6CD0231D03B700954BA9 /* Build configuration list for PBXProject "Test-5-5" */ = {
			isa = XCConfigurationList;
			buildConfigurations = (
				86CE6CFB231D03BA00954BA9 /* Debug */,
				86CE6CFC231D03BA00954BA9 /* Release */,
			);
			defaultConfigurationIsVisible = 0;
			defaultConfigurationName = Release;
		};
		86CE6CFD231D03BA00954BA9 /* Build configuration list for PBXNativeTarget "Test-5-5" */ = {
			isa = XCConfigurationList;
			buildConfigurations = (
				86CE6CFE231D03BA00954BA9 /* Debug */,
				86CE6CFF231D03BA00954BA9 /* Release */,
			);
			defaultConfigurationIsVisible = 0;
			defaultConfigurationName = Release;
		};
		86CE6D00231D03BA00954BA9 /* Build configuration list for PBXNativeTarget "Test-5-5Tests" */ = {
			isa = XCConfigurationList;
			buildConfigurations = (
				86CE6D01231D03BA00954BA9 /* Debug */,
				86CE6D02231D03BA00954BA9 /* Release */,
			);
			defaultConfigurationIsVisible = 0;
			defaultConfigurationName = Release;
		};
		86CE6D03231D03BA00954BA9 /* Build configuration list for PBXNativeTarget "Test-5-5UITests" */ = {
			isa = XCConfigurationList;
			buildConfigurations = (
				86CE6D04231D03BA00954BA9 /* Debug */,
				86CE6D05231D03BA00954BA9 /* Release */,
			);
			defaultConfigurationIsVisible = 0;
			defaultConfigurationName = Release;
		};
/* End XCConfigurationList section */
	};
	rootObject = 86CE6CCD231D03B700954BA9 /* Project object */;
}
